
Microsoft Visual Studio Solution File, Format Version 12.00
# Visual Studio Version 17
VisualStudioVersion = 17.10.35201.131
MinimumVisualStudioVersion = 10.0.40219.1
Project("{9A19103F-16F7-4668-BE54-9A1E7A4F7556}") = "ModWebsite", "ModWebsite\ModWebsite.csproj", "{6D3AC1F6-FE2E-4C73-A461-88673C09C1F8}"
EndProject
Project("{9A19103F-16F7-4668-BE54-9A1E7A4F7556}") = "Mod.Util", "Mod.Util\Mod.Util.csproj", "{3A5F0FAC-55D8-4221-9D69-03364564BBAE}"
EndProject
Project("{9A19103F-16F7-4668-BE54-9A1E7A4F7556}") = "Mod.Models", "Mod.Models\Mod.Models.csproj", "{C36287F8-BCC3-4C02-BC07-B44165DB3B51}"
EndProject
Project("{9A19103F-16F7-4668-BE54-9A1E7A4F7556}") = "Mod.DataAccess", "Mod.DataAccess\Mod.DataAccess.csproj", "{BAD07B7F-87AA-493E-AF1A-48F761F701A2}"
EndProject
Project("{E53339B2-1760-4266-BCC7-CA923CBCF16C}") = "docker-compose", "docker-compose.dcproj", "{37AC03B3-04B7-4D32-B5F5-A8D52511D559}"
EndProject
Global
	GlobalSection(SolutionConfigurationPlatforms) = preSolution
		Debug|Any CPU = Debug|Any CPU
		Release|Any CPU = Release|Any CPU
	EndGlobalSection
	GlobalSection(ProjectConfigurationPlatforms) = postSolution
		{6D3AC1F6-FE2E-4C73-A461-88673C09C1F8}.Debug|Any CPU.ActiveCfg = Debug|Any CPU
		{6D3AC1F6-FE2E-4C73-A461-88673C09C1F8}.Debug|Any CPU.Build.0 = Debug|Any CPU
		{6D3AC1F6-FE2E-4C73-A461-88673C09C1F8}.Release|Any CPU.ActiveCfg = Release|Any CPU
		{6D3AC1F6-FE2E-4C73-A461-88673C09C1F8}.Release|Any CPU.Build.0 = Release|Any CPU
		{3A5F0FAC-55D8-4221-9D69-03364564BBAE}.Debug|Any CPU.ActiveCfg = Debug|Any CPU
		{3A5F0FAC-55D8-4221-9D69-03364564BBAE}.Debug|Any CPU.Build.0 = Debug|Any CPU
		{3A5F0FAC-55D8-4221-9D69-03364564BBAE}.Release|Any CPU.ActiveCfg = Release|Any CPU
		{3A5F0FAC-55D8-4221-9D69-03364564BBAE}.Release|Any CPU.Build.0 = Release|Any CPU
		{C36287F8-BCC3-4C02-BC07-B44165DB3B51}.Debug|Any CPU.ActiveCfg = Debug|Any CPU
		{C36287F8-BCC3-4C02-BC07-B44165DB3B51}.Debug|Any CPU.Build.0 = Debug|Any CPU
		{C36287F8-BCC3-4C02-BC07-B44165DB3B51}.Release|Any CPU.ActiveCfg = Release|Any CPU
		{C36287F8-BCC3-4C02-BC07-B44165DB3B51}.Release|Any CPU.Build.0 = Release|Any CPU
		{BAD07B7F-87AA-493E-AF1A-48F761F701A2}.Debug|Any CPU.ActiveCfg = Debug|Any CPU
		{BAD07B7F-87AA-493E-AF1A-48F761F701A2}.Debug|Any CPU.Build.0 = Debug|Any CPU
		{BAD07B7F-87AA-493E-AF1A-48F761F701A2}.Release|Any CPU.ActiveCfg = Release|Any CPU
		{BAD07B7F-87AA-493E-AF1A-48F761F701A2}.Release|Any CPU.Build.0 = Release|Any CPU
		{37AC03B3-04B7-4D32-B5F5-A8D52511D559}.Debug|Any CPU.ActiveCfg = Debug|Any CPU
		{37AC03B3-04B7-4D32-B5F5-A8D52511D559}.Debug|Any CPU.Build.0 = Debug|Any CPU
		{37AC03B3-04B7-4D32-B5F5-A8D52511D559}.Release|Any CPU.ActiveCfg = Release|Any CPU
		{37AC03B3-04B7-4D32-B5F5-A8D52511D559}.Release|Any CPU.Build.0 = Release|Any CPU
	EndGlobalSection
	GlobalSection(SolutionProperties) = preSolution
		HideSolutionNode = FALSE
	EndGlobalSection
	GlobalSection(ExtensibilityGlobals) = postSolution
		SolutionGuid = {0434C28C-FC1E-41A8-A802-AAD2E0E6E5C2}
	EndGlobalSection
EndGlobal
